<?xml version="1.0" encoding="utf-8"?>
<Project ToolsVersion="4.0" xmlns="http://schemas.microsoft.com/developer/msbuild/2003">
  <ItemGroup>
    <Filter Include="Source Files">
      <UniqueIdentifier>{4FC737F1-C7A5-4376-A066-2A32D752A2FF}</UniqueIdentifier>
      <Extensions>cpp;c;cc;cxx;c++;cppm;ixx;def;odl;idl;hpj;bat;asm;asmx</Extensions>
    </Filter>
    <Filter Include="BattlEye">
      <UniqueIdentifier>{ba2c9dbe-4da6-465f-bf75-c624f995a126}</UniqueIdentifier>
    </Filter>
    <Filter Include="BattlEye\Custom">
      <UniqueIdentifier>{6c0e57e1-3f77-4ab0-96ea-a8fdfdf82c1e}</UniqueIdentifier>
    </Filter>
    <Filter Include="BattlEye\Custom\BEFunctions">
      <UniqueIdentifier>{0f0d6420-51c6-419e-8b4b-fb49edf6b544}</UniqueIdentifier>
    </Filter>
    <Filter Include="BattlEye\Custom\BEPacketHandler">
      <UniqueIdentifier>{77e4dcd4-4929-49a5-930d-cd93c3f8cf3c}</UniqueIdentifier>
    </Filter>
  </ItemGroup>
  <ItemGroup>
    <ClCompile Include="dllmain.cpp">
      <Filter>Source Files</Filter>
    </ClCompile>
    <ClCompile Include="BEFunctions.cpp">
      <Filter>BattlEye\Custom\BEFunctions</Filter>
    </ClCompile>
    <ClCompile Include="BEPacketHandler.cpp">
      <Filter>BattlEye\Custom\BEPacketHandler</Filter>
    </ClCompile>
  </ItemGroup>
  <ItemGroup>
    <ClInclude Include="BEStructs.h">
      <Filter>BattlEye</Filter>
    </ClInclude>
    <ClInclude Include="BEEnums.h">
      <Filter>BattlEye</Filter>
    </ClInclude>
    <ClInclude Include="BEPacket.h">
      <Filter>BattlEye</Filter>
    </ClInclude>
    <ClInclude Include="BEFunctions.h">
      <Filter>BattlEye\Custom\BEFunctions</Filter>
    </ClInclude>
    <ClInclude Include="BEPacketHandler.h">
      <Filter>BattlEye\Custom\BEPacketHandler</Filter>
    </ClInclude>
  </ItemGroup>
</Project>